// !$*UTF8*$!
{
	archiveVersion = 1;
	classes = {
	};
	objectVersion = 55;
	objects = {

/* Begin PBXBuildFile section */
		A8614BDE2866A293005D5BE9 /* HomeView.swift in Sources */ = {isa = PBXBuildFile; fileRef = A8614BDD2866A293005D5BE9 /* HomeView.swift */; };
		A8614BE02866B4A8005D5BE9 /* Poppins-Medium.ttf in Resources */ = {isa = PBXBuildFile; fileRef = A8614BDF2866B4A8005D5BE9 /* Poppins-Medium.ttf */; };
		A8614BE22867390D005D5BE9 /* DetailPage.swift in Sources */ = {isa = PBXBuildFile; fileRef = A8614BE12867390D005D5BE9 /* DetailPage.swift */; };
		A88A12D52867E42300F71F66 /* GetStartedChallenge.swift in Sources */ = {isa = PBXBuildFile; fileRef = A88A12D42867E42300F71F66 /* GetStartedChallenge.swift */; };
		A8A4275A2865CB5D00EE901F /* FavFoodsApp.swift in Sources */ = {isa = PBXBuildFile; fileRef = A8A427592865CB5D00EE901F /* FavFoodsApp.swift */; };
		A8A4275C2865CB5D00EE901F /* ContentView.swift in Sources */ = {isa = PBXBuildFile; fileRef = A8A4275B2865CB5D00EE901F /* ContentView.swift */; };
		A8A4275E2865CB6200EE901F /* Assets.xcassets in Resources */ = {isa = PBXBuildFile; fileRef = A8A4275D2865CB6200EE901F /* Assets.xcassets */; };
		A8A427612865CB6200EE901F /* Preview Assets.xcassets in Resources */ = {isa = PBXBuildFile; fileRef = A8A427602865CB6200EE901F /* Preview Assets.xcassets */; };
		A8A427682865EEE500EE901F /* GetStartedView.swift in Sources */ = {isa = PBXBuildFile; fileRef = A8A427672865EEE500EE901F /* GetStartedView.swift */; };
		A8A4276C2865FE5200EE901F /* Poppins-SemiBold.ttf in Resources */ = {isa = PBXBuildFile; fileRef = A8A427692865FE5200EE901F /* Poppins-SemiBold.ttf */; };
		A8A4276D2865FE5200EE901F /* Poppins-Regular.ttf in Resources */ = {isa = PBXBuildFile; fileRef = A8A4276A2865FE5200EE901F /* Poppins-Regular.ttf */; };
		A8A4276E2865FE5200EE901F /* Poppins-Bold.ttf in Resources */ = {isa = PBXBuildFile; fileRef = A8A4276B2865FE5200EE901F /* Poppins-Bold.ttf */; };
/* End PBXBuildFile section */

/* Begin PBXFileReference section */
		A8614BDD2866A293005D5BE9 /* HomeView.swift */ = {isa = PBXFileReference; lastKnownFileType = sourcecode.swift; path = HomeView.swift; sourceTree = "<group>"; };
		A8614BDF2866B4A8005D5BE9 /* Poppins-Medium.ttf */ = {isa = PBXFileReference; lastKnownFileType = file; path = "Poppins-Medium.ttf"; sourceTree = "<group>"; };
		A8614BE12867390D005D5BE9 /* DetailPage.swift */ = {isa = PBXFileReference; lastKnownFileType = sourcecode.swift; path = DetailPage.swift; sourceTree = "<group>"; };
		A88A12D42867E42300F71F66 /* GetStartedChallenge.swift */ = {isa = PBXFileReference; lastKnownFileType = sourcecode.swift; path = GetStartedChallenge.swift; sourceTree = "<group>"; };
		A8A427562865CB5C00EE901F /* FavFoods.app */ = {isa = PBXFileReference; explicitFileType = wrapper.application; includeInIndex = 0; path = FavFoods.app; sourceTree = BUILT_PRODUCTS_DIR; };
		A8A427592865CB5D00EE901F /* FavFoodsApp.swift */ = {isa = PBXFileReference; lastKnownFileType = sourcecode.swift; path = FavFoodsApp.swift; sourceTree = "<group>"; };
		A8A4275B2865CB5D00EE901F /* ContentView.swift */ = {isa = PBXFileReference; lastKnownFileType = sourcecode.swift; path = ContentView.swift; sourceTree = "<group>"; };
		A8A4275D2865CB6200EE901F /* Assets.xcassets */ = {isa = PBXFileReference; lastKnownFileType = folder.assetcatalog; path = Assets.xcassets; sourceTree = "<group>"; };
		A8A427602865CB6200EE901F /* Preview Assets.xcassets */ = {isa = PBXFileReference; lastKnownFileType = folder.assetcatalog; path = "Preview Assets.xcassets"; sourceTree = "<group>"; };
		A8A427672865EEE500EE901F /* GetStartedView.swift */ = {isa = PBXFileReference; lastKnownFileType = sourcecode.swift; path = GetStartedView.swift; sourceTree = "<group>"; };
		A8A427692865FE5200EE901F /* Poppins-SemiBold.ttf */ = {isa = PBXFileReference; lastKnownFileType = file; path = "Poppins-SemiBold.ttf"; sourceTree = "<group>"; };
		A8A4276A2865FE5200EE901F /* Poppins-Regular.ttf */ = {isa = PBXFileReference; lastKnownFileType = file; path = "Poppins-Regular.ttf"; sourceTree = "<group>"; };
		A8A4276B2865FE5200EE901F /* Poppins-Bold.ttf */ = {isa = PBXFileReference; lastKnownFileType = file; path = "Poppins-Bold.ttf"; sourceTree = "<group>"; };
		A8A4276F2865FE9100EE901F /* Info.plist */ = {isa = PBXFileReference; lastKnownFileType = text.plist; path = Info.plist; sourceTree = "<group>"; };
/* End PBXFileReference section */

/* Begin PBXFrameworksBuildPhase section */
		A8A427532865CB5C00EE901F /* Frameworks */ = {
			isa = PBXFrameworksBuildPhase;
			buildActionMask = 2147483647;
			files = (
			);
			runOnlyForDeploymentPostprocessing = 0;
		};
/* End PBXFrameworksBuildPhase section */

/* Begin PBXGroup section */
		A8A4274D2865CB5C00EE901F = {
			isa = PBXGroup;
			children = (
				A8A427582865CB5C00EE901F /* FavFoods */,
				A8A427572865CB5C00EE901F /* Products */,
			);
			sourceTree = "<group>";
		};
		A8A427572865CB5C00EE901F /* Products */ = {
			isa = PBXGroup;
			children = (
				A8A427562865CB5C00EE901F /* FavFoods.app */,
			);
			name = Products;
			sourceTree = "<group>";
		};
		A8A427582865CB5C00EE901F /* FavFoods */ = {
			isa = PBXGroup;
			children = (
				A8A4276F2865FE9100EE901F /* Info.plist */,
				A8A4276B2865FE5200EE901F /* Poppins-Bold.ttf */,
				A8A4276A2865FE5200EE901F /* Poppins-Regular.ttf */,
				A8614BDF2866B4A8005D5BE9 /* Poppins-Medium.ttf */,
				A8A427692865FE5200EE901F /* Poppins-SemiBold.ttf */,
				A8A427592865CB5D00EE901F /* FavFoodsApp.swift */,
				A8A4275B2865CB5D00EE901F /* ContentView.swift */,
				A8A427672865EEE500EE901F /* GetStartedView.swift */,
				A8614BDD2866A293005D5BE9 /* HomeView.swift */,
				A8614BE12867390D005D5BE9 /* DetailPage.swift */,
				A88A12D42867E42300F71F66 /* GetStartedChallenge.swift */,
				A8A4275D2865CB6200EE901F /* Assets.xcassets */,
				A8A4275F2865CB6200EE901F /* Preview Content */,
			);
			path = FavFoods;
			sourceTree = "<group>";
		};
		A8A4275F2865CB6200EE901F /* Preview Content */ = {
			isa = PBXGroup;
			children = (
				A8A427602865CB6200EE901F /* Preview Assets.xcassets */,
			);
			path = "Preview Content";
			sourceTree = "<group>";
		};
/* End PBXGroup section */

/* Begin PBXNativeTarget section */
		A8A427552865CB5C00EE901F /* FavFoods */ = {
			isa = PBXNativeTarget;
			buildConfigurationList = A8A427642865CB6200EE901F /* Build configuration list for PBXNativeTarget "FavFoods" */;
			buildPhases = (
				A8A427522865CB5C00EE901F /* Sources */,
				A8A427532865CB5C00EE901F /* Frameworks */,
				A8A427542865CB5C00EE901F /* Resources */,
			);
			buildRules = (
			);
			dependencies = (
			);
			name = FavFoods;
			productName = FavFoods;
			productReference = A8A427562865CB5C00EE901F /* FavFoods.app */;
			productType = "com.apple.product-type.application";
		};
/* End PBXNativeTarget section */

/* Begin PBXProject section */
		A8A4274E2865CB5C00EE901F /* Project object */ = {
			isa = PBXProject;
			attributes = {
				BuildIndependentTargetsInParallel = 1;
				LastSwiftUpdateCheck = 1340;
				LastUpgradeCheck = 1340;
				TargetAttributes = {
					A8A427552865CB5C00EE901F = {
						CreatedOnToolsVersion = 13.4.1;
					};
				};
			};
			buildConfigurationList = A8A427512865CB5C00EE901F /* Build configuration list for PBXProject "FavFoods" */;
			compatibilityVersion = "Xcode 13.0";
			developmentRegion = en;
			hasScannedForEncodings = 0;
			knownRegions = (
				en,
				Base,
			);
			mainGroup = A8A4274D2865CB5C00EE901F;
			productRefGroup = A8A427572865CB5C00EE901F /* Products */;
			projectDirPath = "";
			projectRoot = "";
			targets = (
				A8A427552865CB5C00EE901F /* FavFoods */,
			);
		};
/* End PBXProject section */

/* Begin PBXResourcesBuildPhase section */
		A8A427542865CB5C00EE901F /* Resources */ = {
			isa = PBXResourcesBuildPhase;
			buildActionMask = 2147483647;
			files = (
				A8A4276C2865FE5200EE901F /* Poppins-SemiBold.ttf in Resources */,
				A8A427612865CB6200EE901F /* Preview Assets.xcassets in Resources */,
				A8A4276E2865FE5200EE901F /* Poppins-Bold.ttf in Resources */,
				A8614BE02866B4A8005D5BE9 /* Poppins-Medium.ttf in Resources */,
				A8A4275E2865CB6200EE901F /* Assets.xcassets in Resources */,
				A8A4276D2865FE5200EE901F /* Poppins-Regular.ttf in Resources */,
			);
			runOnlyForDeploymentPostprocessing = 0;
		};
/* End PBXResourcesBuildPhase section */

/* Begin PBXSourcesBuildPhase section */
		A8A427522865CB5C00EE901F /* Sources */ = {
			isa = PBXSourcesBuildPhase;
			buildActionMask = 2147483647;
			files = (
				A8A4275C2865CB5D00EE901F /* ContentView.swift in Sources */,
				A8614BDE2866A293005D5BE9 /* HomeView.swift in Sources */,
				A8A427682865EEE500EE901F /* GetStartedView.swift in Sources */,
				A8614BE22867390D005D5BE9 /* DetailPage.swift in Sources */,
				A88A12D52867E42300F71F66 /* GetStartedChallenge.swift in Sources */,
				A8A4275A2865CB5D00EE901F /* FavFoodsApp.swift in Sources */,
			);
			runOnlyForDeploymentPostprocessing = 0;
		};
/* End PBXSourcesBuildPhase section */

/* Begin XCBuildConfiguration section */
		A8A427622865CB6200EE901F /* Debug */ = {
			isa = XCBuildConfiguration;
			buildSettings = {
				ALWAYS_SEARCH_USER_PATHS = NO;
				CLANG_ANALYZER_NONNULL = YES;
				CLANG_ANALYZER_NUMBER_OBJECT_CONVERSION = YES_AGGRESSIVE;
				CLANG_CXX_LANGUAGE_STANDARD = "gnu++17";
				CLANG_ENABLE_MODULES = YES;
				CLANG_ENABLE_OBJC_ARC = YES;
				CLANG_ENABLE_OBJC_WEAK = YES;
				CLANG_WARN_BLOCK_CAPTURE_AUTORELEASING = YES;
				CLANG_WARN_BOOL_CONVERSION = YES;
				CLANG_WARN_COMMA = YES;
				CLANG_WARN_CONSTANT_CONVERSION = YES;
				CLANG_WARN_DEPRECATED_OBJC_IMPLEMENTATIONS = YES;
				CLANG_WARN_DIRECT_OBJC_ISA_USAGE = YES_ERROR;
				CLANG_WARN_DOCUMENTATION_COMMENTS = YES;
				CLANG_WARN_EMPTY_BODY = YES;
				CLANG_WARN_ENUM_CONVERSION = YES;
				CLANG_WARN_INFINITE_RECURSION = YES;
				CLANG_WARN_INT_CONVERSION = YES;
				CLANG_WARN_NON_LITERAL_NULL_CONVERSION = YES;
				CLANG_WARN_OBJC_IMPLICIT_RETAIN_SELF = YES;
				CLANG_WARN_OBJC_LITERAL_CONVERSION = YES;
				CLANG_WARN_OBJC_ROOT_CLASS = YES_ERROR;
				CLANG_WARN_QUOTED_INCLUDE_IN_FRAMEWORK_HEADER = YES;
				CLANG_WARN_RANGE_LOOP_ANALYSIS = YES;
				CLANG_WARN_STRICT_PROTOTYPES = YES;
				CLANG_WARN_SUSPICIOUS_MOVE = YES;
				CLANG_WARN_UNGUARDED_AVAILABILITY = YES_AGGRESSIVE;
				CLANG_WARN_UNREACHABLE_CODE = YES;
				CLANG_WARN__DUPLICATE_METHOD_MATCH = YES;
				COPY_PHASE_STRIP = NO;
				DEBUG_INFORMATION_FORMAT = dwarf;
				ENABLE_STRICT_OBJC_MSGSEND = YES;
				ENABLE_TESTABILITY = YES;
				GCC_C_LANGUAGE_STANDARD = gnu11;
				GCC_DYNAMIC_NO_PIC = NO;
				GCC_NO_COMMON_BLOCKS = YES;
				GCC_OPTIMIZATION_LEVEL = 0;
				GCC_PREPROCESSOR_DEFINITIONS = (
					"DEBUG=1",
					"$(inherited)",
				);
				GCC_WARN_64_TO_32_BIT_CONVERSION = YES;
				GCC_WARN_ABOUT_RETURN_TYPE = YES_ERROR;
				GCC_WARN_UNDECLARED_SELECTOR = YES;
				GCC_WARN_UNINITIALIZED_AUTOS = YES_AGGRESSIVE;
				GCC_WARN_UNUSED_FUNCTION = YES;
				GCC_WARN_UNUSED_VARIABLE = YES;
				IPHONEOS_DEPLOYMENT_TARGET = 15.5;
				MTL_ENABLE_DEBUG_INFO = INCLUDE_SOURCE;
				MTL_FAST_MATH = YES;
				ONLY_ACTIVE_ARCH = YES;
				SDKROOT = iphoneos;
				SWIFT_ACTIVE_COMPILATION_CONDITIONS = DEBUG;
				SWIFT_OPTIMIZATION_LEVEL = "-Onone";
			};
			name = Debug;
		};
		A8A427632865CB6200EE901F /* Release */ = {
			isa = XCBuildConfiguration;
			buildSettings = {
				ALWAYS_SEARCH_USER_PATHS = NO;
				CLANG_ANALYZER_NONNULL = YES;
				CLANG_ANALYZER_NUMBER_OBJECT_CONVERSION = YES_AGGRESSIVE;
				CLANG_CXX_LANGUAGE_STANDARD = "gnu++17";
				CLANG_ENABLE_MODULES = YES;
				CLANG_ENABLE_OBJC_ARC = YES;
				CLANG_ENABLE_OBJC_WEAK = YES;
				CLANG_WARN_BLOCK_CAPTURE_AUTORELEASING = YES;
				CLANG_WARN_BOOL_CONVERSION = YES;
				CLANG_WARN_COMMA = YES;
				CLANG_WARN_CONSTANT_CONVERSION = YES;
				CLANG_WARN_DEPRECATED_OBJC_IMPLEMENTATIONS = YES;
				CLANG_WARN_DIRECT_OBJC_ISA_USAGE = YES_ERROR;
				CLANG_WARN_DOCUMENTATION_COMMENTS = YES;
				CLANG_WARN_EMPTY_BODY = YES;
				CLANG_WARN_ENUM_CONVERSION = YES;
				CLANG_WARN_INFINITE_RECURSION = YES;
				CLANG_WARN_INT_CONVERSION = YES;
				CLANG_WARN_NON_LITERAL_NULL_CONVERSION = YES;
				CLANG_WARN_OBJC_IMPLICIT_RETAIN_SELF = YES;
				CLANG_WARN_OBJC_LITERAL_CONVERSION = YES;
				CLANG_WARN_OBJC_ROOT_CLASS = YES_ERROR;
				CLANG_WARN_QUOTED_INCLUDE_IN_FRAMEWORK_HEADER = YES;
				CLANG_WARN_RANGE_LOOP_ANALYSIS = YES;
				CLANG_WARN_STRICT_PROTOTYPES = YES;
				CLANG_WARN_SUSPICIOUS_MOVE = YES;
				CLANG_WARN_UNGUARDED_AVAILABILITY = YES_AGGRESSIVE;
				CLANG_WARN_UNREACHABLE_CODE = YES;
				CLANG_WARN__DUPLICATE_METHOD_MATCH = YES;
				COPY_PHASE_STRIP = NO;
				DEBUG_INFORMATION_FORMAT = "dwarf-with-dsym";
				ENABLE_NS_ASSERTIONS = NO;
				ENABLE_STRICT_OBJC_MSGSEND = YES;
				GCC_C_LANGUAGE_STANDARD = gnu11;
				GCC_NO_COMMON_BLOCKS = YES;
				GCC_WARN_64_TO_32_BIT_CONVERSION = YES;
				GCC_WARN_ABOUT_RETURN_TYPE = YES_ERROR;
				GCC_WARN_UNDECLARED_SELECTOR = YES;
				GCC_WARN_UNINITIALIZED_AUTOS = YES_AGGRESSIVE;
				GCC_WARN_UNUSED_FUNCTION = YES;
				GCC_WARN_UNUSED_VARIABLE = YES;
				IPHONEOS_DEPLOYMENT_TARGET = 15.5;
				MTL_ENABLE_DEBUG_INFO = NO;
				MTL_FAST_MATH = YES;
				SDKROOT = iphoneos;
				SWIFT_COMPILATION_MODE = wholemodule;
				SWIFT_OPTIMIZATION_LEVEL = "-O";
				VALIDATE_PRODUCT = YES;
			};
			name = Release;
		};
		A8A427652865CB6200EE901F /* Debug */ = {
			isa = XCBuildConfiguration;
			buildSettings = {
				ASSETCATALOG_COMPILER_APPICON_NAME = AppIcon;
				ASSETCATALOG_COMPILER_GLOBAL_ACCENT_COLOR_NAME = AccentColor;
				CODE_SIGN_STYLE = Automatic;
				CURRENT_PROJECT_VERSION = 1;
				DEVELOPMENT_ASSET_PATHS = "\"FavFoods/Preview Content\"";
				DEVELOPMENT_TEAM = HCYSF3K835;
				ENABLE_PREVIEWS = YES;
				GENERATE_INFOPLIST_FILE = YES;
				INFOPLIST_FILE = FavFoods/Info.plist;
				INFOPLIST_KEY_UIApplicationSceneManifest_Generation = YES;
				INFOPLIST_KEY_UIApplicationSupportsIndirectInputEvents = YES;
				INFOPLIST_KEY_UILaunchScreen_Generation = YES;
				INFOPLIST_KEY_UISupportedInterfaceOrientations_iPad = "UIInterfaceOrientationPortrait UIInterfaceOrientationPortraitUpsideDown UIInterfaceOrientationLandscapeLeft UIInterfaceOrientationLandscapeRight";
				INFOPLIST_KEY_UISupportedInterfaceOrientations_iPhone = "UIInterfaceOrientationPortrait UIInterfaceOrientationLandscapeLeft UIInterfaceOrientationLandscapeRight";
				LD_RUNPATH_SEARCH_PATHS = (
					"$(inherited)",
					"@executable_path/Frameworks",
				);
				MARKETING_VERSION = 1.0;
				PRODUCT_BUNDLE_IDENTIFIER = com.Arzu.FavFoods;
				PRODUCT_NAME = "$(TARGET_NAME)";
				SWIFT_EMIT_LOC_STRINGS = YES;
				SWIFT_VERSION = 5.0;
				TARGETED_DEVICE_FAMILY = "1,2";
			};
			name = Debug;
		};
		A8A427662865CB6200EE901F /* Release */ = {
			isa = XCBuildConfiguration;
			buildSettings = {
				ASSETCATALOG_COMPILER_APPICON_NAME = AppIcon;
				ASSETCATALOG_COMPILER_GLOBAL_ACCENT_COLOR_NAME = AccentColor;
				CODE_SIGN_STYLE = Automatic;
				CURRENT_PROJECT_VERSION = 1;
				DEVELOPMENT_ASSET_PATHS = "\"FavFoods/Preview Content\"";
				DEVELOPMENT_TEAM = HCYSF3K835;
				ENABLE_PREVIEWS = YES;
				GENERATE_INFOPLIST_FILE = YES;
				INFOPLIST_FILE = FavFoods/Info.plist;
				INFOPLIST_KEY_UIApplicationSceneManifest_Generation = YES;
				INFOPLIST_KEY_UIApplicationSupportsIndirectInputEvents = YES;
				INFOPLIST_KEY_UILaunchScreen_Generation = YES;
				INFOPLIST_KEY_UISupportedInterfaceOrientations_iPad = "UIInterfaceOrientationPortrait UIInterfaceOrientationPortraitUpsideDown UIInterfaceOrientationLandscapeLeft UIInterfaceOrientationLandscapeRight";
				INFOPLIST_KEY_UISupportedInterfaceOrientations_iPhone = "UIInterfaceOrientationPortrait UIInterfaceOrientationLandscapeLeft UIInterfaceOrientationLandscapeRight";
				LD_RUNPATH_SEARCH_PATHS = (
					"$(inherited)",
					"@executable_path/Frameworks",
				);
				MARKETING_VERSION = 1.0;
				PRODUCT_BUNDLE_IDENTIFIER = com.Arzu.FavFoods;
				PRODUCT_NAME = "$(TARGET_NAME)";
				SWIFT_EMIT_LOC_STRINGS = YES;
				SWIFT_VERSION = 5.0;
				TARGETED_DEVICE_FAMILY = "1,2";
			};
			name = Release;
		};
/* End XCBuildConfiguration section */

/* Begin XCConfigurationList section */
		A8A427512865CB5C00EE901F /* Build configuration list for PBXProject "FavFoods" */ = {
			isa = XCConfigurationList;
			buildConfigurations = (
				A8A427622865CB6200EE901F /* Debug */,
				A8A427632865CB6200EE901F /* Release */,
			);
			defaultConfigurationIsVisible = 0;
			defaultConfigurationName = Release;
		};
		A8A427642865CB6200EE901F /* Build configuration list for PBXNativeTarget "FavFoods" */ = {
			isa = XCConfigurationList;
			buildConfigurations = (
				A8A427652865CB6200EE901F /* Debug */,
				A8A427662865CB6200EE901F /* Release */,
			);
			defaultConfigurationIsVisible = 0;
			defaultConfigurationName = Release;
		};
/* End XCConfigurationList section */
	};
	rootObject = A8A4274E2865CB5C00EE901F /* Project object */;
}
